
Microsoft Visual Studio Solution File, Format Version 12.00
# Visual Studio Version 17
VisualStudioVersion = 17.1.32210.238
MinimumVisualStudioVersion = 10.0.40219.1
Project("{FAE04EC0-301F-11D3-BF4B-00C04F79EFBC}") = "DefaultPatcher", "DefaultPatcher\DefaultPatcher.csproj", "{248B25CB-D435-44F6-B3DF-23F573547C32}"
EndProject
Global
	GlobalSection(SolutionConfigurationPlatforms) = preSolution
		Debug|Any CPU = Debug|Any CPU
		Release|Any CPU = Release|Any CPU
	EndGlobalSection
	GlobalSection(ProjectConfigurationPlatforms) = postSolution
		{248B25CB-D435-44F6-B3DF-23F573547C32}.Debug|Any CPU.ActiveCfg = Debug|Any CPU
		{248B25CB-D435-44F6-B3DF-23F573547C32}.Debug|Any CPU.Build.0 = Debug|Any CPU
		{248B25CB-D435-44F6-B3DF-23F573547C32}.Release|Any CPU.ActiveCfg = Release|Any CPU
		{248B25CB-D435-44F6-B3DF-23F573547C32}.Release|Any CPU.Build.0 = Release|Any CPU
	EndGlobalSection
	GlobalSection(SolutionProperties) = preSolution
		HideSolutionNode = FALSE
	EndGlobalSection
	GlobalSection(ExtensibilityGlobals) = postSolution
		SolutionGuid = {6771B566-29C3-4285-8DBC-D1F523E66EF2}
	EndGlobalSection
EndGlobal
